
Microsoft Visual Studio Solution File, Format Version 12.00
# Visual Studio Version 16
VisualStudioVersion = 16.0.29123.88
MinimumVisualStudioVersion = 10.0.40219.1
Project("{8BC9CEB8-8B4A-11D0-8D11-00A0C91BC942}") = "RF24SerialGetway", "RF24SerialGetway\RF24SerialGetway.vcxproj", "{C5F80730-F44F-4478-BDAE-6634EFC2CA88}"
EndProject
Project("{8BC9CEB8-8B4A-11D0-8D11-00A0C91BC942}") = "RS485SerialGetway", "RS485SerialGetway\RS485SerialGetway.vcxproj", "{AD6496C6-57F8-4BAC-A833-A6254A071D81}"
EndProject
Project("{2150E333-8FDC-42A3-9474-1A3956D46DE8}") = "Sensory", "Sensory", "{3410BD24-F4D6-403F-8296-C700DBB9DFAA}"
EndProject
Project("{8BC9CEB8-8B4A-11D0-8D11-00A0C91BC942}") = "MCP23017_rs485", "MCP23017_rs485\MCP23017_rs485.vcxproj", "{B4E1707D-3E52-4D9A-A729-6310C28B78EA}"
EndProject
Project("{8BC9CEB8-8B4A-11D0-8D11-00A0C91BC942}") = "OutsideSensors", "OutsideSensors\OutsideSensors.vcxproj", "{C72B00D9-69C0-4602-A043-DA9F9364786B}"
EndProject
Project("{8BC9CEB8-8B4A-11D0-8D11-00A0C91BC942}") = "RoomController1", "RoomController1\RoomController1.vcxproj", "{1B5D1B97-FBB2-4DF4-91B8-4A4E37FD0FCD}"
EndProject
Project("{8BC9CEB8-8B4A-11D0-8D11-00A0C91BC942}") = "RemoteSwitch", "..\..\Arduino\RemoteSwitch\RemoteSwitch.vcxproj", "{49084B9A-5876-4FC9-A94B-C40DD57862B7}"
EndProject
Project("{8BC9CEB8-8B4A-11D0-8D11-00A0C91BC942}") = "LedRGBWController", "..\..\Arduino\LedRGBWController\LedRGBWController.vcxproj", "{54129BC1-DAD4-4374-9968-B9976C1B0E19}"
EndProject
Project("{8BC9CEB8-8B4A-11D0-8D11-00A0C91BC942}") = "WhrilessSwitch", "..\..\Arduino\WhrilessSwitch\WhrilessSwitch.vcxproj", "{AFD6CC79-B7D5-4BDA-B7E8-6B14C2E0A572}"
EndProject
Project("{8BC9CEB8-8B4A-11D0-8D11-00A0C91BC942}") = "RemoteRelay", "RemoteRelay\RemoteRelay.vcxproj", "{E01E70B8-15E5-4D52-B0A9-AFE49B2DECB8}"
EndProject
Project("{8BC9CEB8-8B4A-11D0-8D11-00A0C91BC942}") = "RemoteRelayBatterySwitch", "RemoteRelayBatterySwitch\RemoteRelayBatterySwitch.vcxproj", "{C62D4409-D5AE-47DE-B058-07096268B263}"
EndProject
Project("{8BC9CEB8-8B4A-11D0-8D11-00A0C91BC942}") = "HeaterController", "..\..\..\..\..\Source\Arduino\HeaterController\HeaterController.vcxproj", "{42EE15AF-67BC-469B-812B-583AF473AC3E}"
EndProject
Project("{2150E333-8FDC-42A3-9474-1A3956D46DE8}") = "RemoteRelay_Asia", "RemoteRelay_Asia", "{5FF88D6B-43FB-462C-8815-885082C91675}"
EndProject
Project("{2150E333-8FDC-42A3-9474-1A3956D46DE8}") = "RemoteRelay", "RemoteRelay", "{CB687955-F4F9-407F-BE35-38C390A83F85}"
EndProject
Project("{8BC9CEB8-8B4A-11D0-8D11-00A0C91BC942}") = "WhrilessSwitch", "RemoteRelayV2\WhrilessSwitch.vcxproj", "{E0E3D777-1FED-46A5-9A13-D86C94B3346F}"
EndProject
Global
	GlobalSection(SolutionConfigurationPlatforms) = preSolution
		Debug|x86 = Debug|x86
		Release|x86 = Release|x86
	EndGlobalSection
	GlobalSection(ProjectConfigurationPlatforms) = postSolution
		{C5F80730-F44F-4478-BDAE-6634EFC2CA88}.Debug|x86.ActiveCfg = Debug|Win32
		{C5F80730-F44F-4478-BDAE-6634EFC2CA88}.Debug|x86.Build.0 = Debug|Win32
		{C5F80730-F44F-4478-BDAE-6634EFC2CA88}.Release|x86.ActiveCfg = Release|Win32
		{C5F80730-F44F-4478-BDAE-6634EFC2CA88}.Release|x86.Build.0 = Release|Win32
		{AD6496C6-57F8-4BAC-A833-A6254A071D81}.Debug|x86.ActiveCfg = Debug|Win32
		{AD6496C6-57F8-4BAC-A833-A6254A071D81}.Debug|x86.Build.0 = Debug|Win32
		{AD6496C6-57F8-4BAC-A833-A6254A071D81}.Release|x86.ActiveCfg = Release|Win32
		{AD6496C6-57F8-4BAC-A833-A6254A071D81}.Release|x86.Build.0 = Release|Win32
		{B4E1707D-3E52-4D9A-A729-6310C28B78EA}.Debug|x86.ActiveCfg = Debug|Win32
		{B4E1707D-3E52-4D9A-A729-6310C28B78EA}.Debug|x86.Build.0 = Debug|Win32
		{B4E1707D-3E52-4D9A-A729-6310C28B78EA}.Release|x86.ActiveCfg = Release|Win32
		{B4E1707D-3E52-4D9A-A729-6310C28B78EA}.Release|x86.Build.0 = Release|Win32
		{C72B00D9-69C0-4602-A043-DA9F9364786B}.Debug|x86.ActiveCfg = Debug|Win32
		{C72B00D9-69C0-4602-A043-DA9F9364786B}.Debug|x86.Build.0 = Debug|Win32
		{C72B00D9-69C0-4602-A043-DA9F9364786B}.Release|x86.ActiveCfg = Release|Win32
		{C72B00D9-69C0-4602-A043-DA9F9364786B}.Release|x86.Build.0 = Release|Win32
		{1B5D1B97-FBB2-4DF4-91B8-4A4E37FD0FCD}.Debug|x86.ActiveCfg = Debug|Win32
		{1B5D1B97-FBB2-4DF4-91B8-4A4E37FD0FCD}.Debug|x86.Build.0 = Debug|Win32
		{1B5D1B97-FBB2-4DF4-91B8-4A4E37FD0FCD}.Release|x86.ActiveCfg = Release|Win32
		{1B5D1B97-FBB2-4DF4-91B8-4A4E37FD0FCD}.Release|x86.Build.0 = Release|Win32
		{49084B9A-5876-4FC9-A94B-C40DD57862B7}.Debug|x86.ActiveCfg = Debug|Win32
		{49084B9A-5876-4FC9-A94B-C40DD57862B7}.Debug|x86.Build.0 = Debug|Win32
		{49084B9A-5876-4FC9-A94B-C40DD57862B7}.Release|x86.ActiveCfg = Release|Win32
		{49084B9A-5876-4FC9-A94B-C40DD57862B7}.Release|x86.Build.0 = Release|Win32
		{54129BC1-DAD4-4374-9968-B9976C1B0E19}.Debug|x86.ActiveCfg = Debug|Win32
		{54129BC1-DAD4-4374-9968-B9976C1B0E19}.Debug|x86.Build.0 = Debug|Win32
		{54129BC1-DAD4-4374-9968-B9976C1B0E19}.Release|x86.ActiveCfg = Release|Win32
		{54129BC1-DAD4-4374-9968-B9976C1B0E19}.Release|x86.Build.0 = Release|Win32
		{AFD6CC79-B7D5-4BDA-B7E8-6B14C2E0A572}.Debug|x86.ActiveCfg = Debug|Win32
		{AFD6CC79-B7D5-4BDA-B7E8-6B14C2E0A572}.Debug|x86.Build.0 = Debug|Win32
		{AFD6CC79-B7D5-4BDA-B7E8-6B14C2E0A572}.Release|x86.ActiveCfg = Release|Win32
		{AFD6CC79-B7D5-4BDA-B7E8-6B14C2E0A572}.Release|x86.Build.0 = Release|Win32
		{E01E70B8-15E5-4D52-B0A9-AFE49B2DECB8}.Debug|x86.ActiveCfg = Debug|Win32
		{E01E70B8-15E5-4D52-B0A9-AFE49B2DECB8}.Debug|x86.Build.0 = Debug|Win32
		{E01E70B8-15E5-4D52-B0A9-AFE49B2DECB8}.Release|x86.ActiveCfg = Release|Win32
		{E01E70B8-15E5-4D52-B0A9-AFE49B2DECB8}.Release|x86.Build.0 = Release|Win32
		{C62D4409-D5AE-47DE-B058-07096268B263}.Debug|x86.ActiveCfg = Debug|Win32
		{C62D4409-D5AE-47DE-B058-07096268B263}.Debug|x86.Build.0 = Debug|Win32
		{C62D4409-D5AE-47DE-B058-07096268B263}.Release|x86.ActiveCfg = Release|Win32
		{C62D4409-D5AE-47DE-B058-07096268B263}.Release|x86.Build.0 = Release|Win32
		{42EE15AF-67BC-469B-812B-583AF473AC3E}.Debug|x86.ActiveCfg = Debug|Win32
		{42EE15AF-67BC-469B-812B-583AF473AC3E}.Debug|x86.Build.0 = Debug|Win32
		{42EE15AF-67BC-469B-812B-583AF473AC3E}.Release|x86.ActiveCfg = Release|Win32
		{42EE15AF-67BC-469B-812B-583AF473AC3E}.Release|x86.Build.0 = Release|Win32
		{E0E3D777-1FED-46A5-9A13-D86C94B3346F}.Debug|x86.ActiveCfg = Debug|Win32
		{E0E3D777-1FED-46A5-9A13-D86C94B3346F}.Debug|x86.Build.0 = Debug|Win32
		{E0E3D777-1FED-46A5-9A13-D86C94B3346F}.Release|x86.ActiveCfg = Release|Win32
		{E0E3D777-1FED-46A5-9A13-D86C94B3346F}.Release|x86.Build.0 = Release|Win32
	EndGlobalSection
	GlobalSection(SolutionProperties) = preSolution
		HideSolutionNode = FALSE
	EndGlobalSection
	GlobalSection(NestedProjects) = preSolution
		{B4E1707D-3E52-4D9A-A729-6310C28B78EA} = {3410BD24-F4D6-403F-8296-C700DBB9DFAA}
		{C72B00D9-69C0-4602-A043-DA9F9364786B} = {3410BD24-F4D6-403F-8296-C700DBB9DFAA}
		{1B5D1B97-FBB2-4DF4-91B8-4A4E37FD0FCD} = {3410BD24-F4D6-403F-8296-C700DBB9DFAA}
		{E01E70B8-15E5-4D52-B0A9-AFE49B2DECB8} = {5FF88D6B-43FB-462C-8815-885082C91675}
		{C62D4409-D5AE-47DE-B058-07096268B263} = {5FF88D6B-43FB-462C-8815-885082C91675}
		{E0E3D777-1FED-46A5-9A13-D86C94B3346F} = {CB687955-F4F9-407F-BE35-38C390A83F85}
	EndGlobalSection
	GlobalSection(ExtensibilityGlobals) = postSolution
		SolutionGuid = {8629710F-0A6C-4DC6-A3EF-1922C1B5F601}
	EndGlobalSection
EndGlobal
